
Microsoft Visual Studio Solution File, Format Version 12.00
# Visual Studio Version 17
VisualStudioVersion = 17.5.33516.290
MinimumVisualStudioVersion = 10.0.40219.1
Project("{FAE04EC0-301F-11D3-BF4B-00C04F79EFBC}") = "HLSLSharp", "HLSLSharp\HLSLSharp.csproj", "{B012E56C-562B-4F97-998F-A78B8ECEF1F5}"
EndProject
Project("{FAE04EC0-301F-11D3-BF4B-00C04F79EFBC}") = "HLSLSharp.Compiler", "HLSLSharp.Compiler\HLSLSharp.Compiler.csproj", "{BB81AF92-C4BC-4944-B046-7BDAE07657CF}"
EndProject
Project("{FAE04EC0-301F-11D3-BF4B-00C04F79EFBC}") = "HLSLSharp.Runtime", "HLSLSharp.Runtime\HLSLSharp.Runtime.csproj", "{F5C0C4D2-91FE-4793-9245-C03C130A07B1}"
EndProject
Project("{FAE04EC0-301F-11D3-BF4B-00C04F79EFBC}") = "HLSLSharp.CoreLib", "HLSLSharp.CoreLib\HLSLSharp.CoreLib.csproj", "{E30CC5EF-5DE9-4263-BC26-155778C9B631}"
EndProject
Project("{FAE04EC0-301F-11D3-BF4B-00C04F79EFBC}") = "HLSLSharp.CoreLib.Generator", "HLSLSharp.CoreLib.Generator\HLSLSharp.CoreLib.Generator.csproj", "{17BD2D06-BC55-4C05-9A84-6FA38B4F1CBC}"
EndProject
Global
	GlobalSection(SolutionConfigurationPlatforms) = preSolution
		Debug|Any CPU = Debug|Any CPU
		Release|Any CPU = Release|Any CPU
	EndGlobalSection
	GlobalSection(ProjectConfigurationPlatforms) = postSolution
		{B012E56C-562B-4F97-998F-A78B8ECEF1F5}.Debug|Any CPU.ActiveCfg = Debug|Any CPU
		{B012E56C-562B-4F97-998F-A78B8ECEF1F5}.Debug|Any CPU.Build.0 = Debug|Any CPU
		{B012E56C-562B-4F97-998F-A78B8ECEF1F5}.Release|Any CPU.ActiveCfg = Release|Any CPU
		{B012E56C-562B-4F97-998F-A78B8ECEF1F5}.Release|Any CPU.Build.0 = Release|Any CPU
		{BB81AF92-C4BC-4944-B046-7BDAE07657CF}.Debug|Any CPU.ActiveCfg = Debug|Any CPU
		{BB81AF92-C4BC-4944-B046-7BDAE07657CF}.Debug|Any CPU.Build.0 = Debug|Any CPU
		{BB81AF92-C4BC-4944-B046-7BDAE07657CF}.Release|Any CPU.ActiveCfg = Release|Any CPU
		{BB81AF92-C4BC-4944-B046-7BDAE07657CF}.Release|Any CPU.Build.0 = Release|Any CPU
		{F5C0C4D2-91FE-4793-9245-C03C130A07B1}.Debug|Any CPU.ActiveCfg = Debug|Any CPU
		{F5C0C4D2-91FE-4793-9245-C03C130A07B1}.Debug|Any CPU.Build.0 = Debug|Any CPU
		{F5C0C4D2-91FE-4793-9245-C03C130A07B1}.Release|Any CPU.ActiveCfg = Release|Any CPU
		{F5C0C4D2-91FE-4793-9245-C03C130A07B1}.Release|Any CPU.Build.0 = Release|Any CPU
		{E30CC5EF-5DE9-4263-BC26-155778C9B631}.Debug|Any CPU.ActiveCfg = Debug|Any CPU
		{E30CC5EF-5DE9-4263-BC26-155778C9B631}.Debug|Any CPU.Build.0 = Debug|Any CPU
		{E30CC5EF-5DE9-4263-BC26-155778C9B631}.Release|Any CPU.ActiveCfg = Release|Any CPU
		{E30CC5EF-5DE9-4263-BC26-155778C9B631}.Release|Any CPU.Build.0 = Release|Any CPU
		{17BD2D06-BC55-4C05-9A84-6FA38B4F1CBC}.Debug|Any CPU.ActiveCfg = Debug|Any CPU
		{17BD2D06-BC55-4C05-9A84-6FA38B4F1CBC}.Debug|Any CPU.Build.0 = Debug|Any CPU
		{17BD2D06-BC55-4C05-9A84-6FA38B4F1CBC}.Release|Any CPU.ActiveCfg = Release|Any CPU
		{17BD2D06-BC55-4C05-9A84-6FA38B4F1CBC}.Release|Any CPU.Build.0 = Release|Any CPU
	EndGlobalSection
	GlobalSection(SolutionProperties) = preSolution
		HideSolutionNode = FALSE
	EndGlobalSection
	GlobalSection(ExtensibilityGlobals) = postSolution
		SolutionGuid = {F1713FF9-6BAD-43D9-8D47-532D236F2E47}
	EndGlobalSection
EndGlobal
